
Microsoft Visual Studio Solution File, Format Version 12.00
# Visual Studio Version 16
VisualStudioVersion = 16.0.29025.244
MinimumVisualStudioVersion = 10.0.40219.1
Project("{9A19103F-16F7-4668-BE54-9A1E7A4F7556}") = "CustomerAPI", "CustomerAPI\CustomerAPI.csproj", "{4923DB85-EF73-48AA-87AE-4228A13A3253}"
EndProject
Project("{9A19103F-16F7-4668-BE54-9A1E7A4F7556}") = "TransactionAPI", "TransactionAPI\TransactionAPI.csproj", "{6C588329-06EA-4024-925C-4097C85C06D9}"
EndProject
Project("{9A19103F-16F7-4668-BE54-9A1E7A4F7556}") = "AccountAPI", "AccountAPI\AccountAPI.csproj", "{1B315CBF-039A-45D6-AF0F-FC0736F1E921}"
EndProject
Project("{9A19103F-16F7-4668-BE54-9A1E7A4F7556}") = "Gateway", "Gateway\Gateway.csproj", "{DA1962D4-9A4A-475A-9274-6C950C36CDD6}"
EndProject
Project("{2150E333-8FDC-42A3-9474-1A3956D46DE8}") = "Microservices", "Microservices", "{36626CD7-F68B-49A1-B362-402D50BD1AF6}"
EndProject
Project("{9A19103F-16F7-4668-BE54-9A1E7A4F7556}") = "WebApp", "WebApp\WebApp.csproj", "{0437634E-F0EA-4414-8C28-AC41FEA99D50}"
EndProject
Project("{2150E333-8FDC-42A3-9474-1A3956D46DE8}") = "Accounts", "Accounts", "{88522A27-7C1F-417F-9D78-57D6CEBD3C48}"
EndProject
Project("{FAE04EC0-301F-11D3-BF4B-00C04F79EFBC}") = "AccountsAPI_Shared", "AccountsAPI_Shared\AccountsAPI_Shared.csproj", "{81DF2911-BBB4-4210-8543-3BB1156D806D}"
EndProject
Project("{2150E333-8FDC-42A3-9474-1A3956D46DE8}") = "Customer", "Customer", "{7D70B37A-86CB-48D1-A4B0-DB3DB89DA521}"
EndProject
Project("{FAE04EC0-301F-11D3-BF4B-00C04F79EFBC}") = "CustomerAPI_Shared", "CustomerAPI_Shared\CustomerAPI_Shared.csproj", "{452ECEE5-E430-4F61-B974-029FEBC66BE9}"
EndProject
Project("{2150E333-8FDC-42A3-9474-1A3956D46DE8}") = "Transaction", "Transaction", "{20B88A24-3ABD-41DC-B35E-646317DCF3F4}"
EndProject
Project("{FAE04EC0-301F-11D3-BF4B-00C04F79EFBC}") = "TransactionAPI_Shared", "TransactionAPI_Shared\TransactionAPI_Shared.csproj", "{125AE62E-C4AD-4173-91BB-E2BF4A2BF4C5}"
EndProject
Project("{E53339B2-1760-4266-BCC7-CA923CBCF16C}") = "docker-compose", "docker-compose.dcproj", "{ED47445D-0CC5-4097-842A-A36571EB8A6F}"
EndProject
Global
	GlobalSection(SolutionConfigurationPlatforms) = preSolution
		Debug|Any CPU = Debug|Any CPU
		Release|Any CPU = Release|Any CPU
	EndGlobalSection
	GlobalSection(ProjectConfigurationPlatforms) = postSolution
		{4923DB85-EF73-48AA-87AE-4228A13A3253}.Debug|Any CPU.ActiveCfg = Debug|Any CPU
		{4923DB85-EF73-48AA-87AE-4228A13A3253}.Debug|Any CPU.Build.0 = Debug|Any CPU
		{4923DB85-EF73-48AA-87AE-4228A13A3253}.Release|Any CPU.ActiveCfg = Release|Any CPU
		{4923DB85-EF73-48AA-87AE-4228A13A3253}.Release|Any CPU.Build.0 = Release|Any CPU
		{6C588329-06EA-4024-925C-4097C85C06D9}.Debug|Any CPU.ActiveCfg = Debug|Any CPU
		{6C588329-06EA-4024-925C-4097C85C06D9}.Debug|Any CPU.Build.0 = Debug|Any CPU
		{6C588329-06EA-4024-925C-4097C85C06D9}.Release|Any CPU.ActiveCfg = Release|Any CPU
		{6C588329-06EA-4024-925C-4097C85C06D9}.Release|Any CPU.Build.0 = Release|Any CPU
		{1B315CBF-039A-45D6-AF0F-FC0736F1E921}.Debug|Any CPU.ActiveCfg = Debug|Any CPU
		{1B315CBF-039A-45D6-AF0F-FC0736F1E921}.Debug|Any CPU.Build.0 = Debug|Any CPU
		{1B315CBF-039A-45D6-AF0F-FC0736F1E921}.Release|Any CPU.ActiveCfg = Release|Any CPU
		{1B315CBF-039A-45D6-AF0F-FC0736F1E921}.Release|Any CPU.Build.0 = Release|Any CPU
		{DA1962D4-9A4A-475A-9274-6C950C36CDD6}.Debug|Any CPU.ActiveCfg = Debug|Any CPU
		{DA1962D4-9A4A-475A-9274-6C950C36CDD6}.Debug|Any CPU.Build.0 = Debug|Any CPU
		{DA1962D4-9A4A-475A-9274-6C950C36CDD6}.Release|Any CPU.ActiveCfg = Release|Any CPU
		{DA1962D4-9A4A-475A-9274-6C950C36CDD6}.Release|Any CPU.Build.0 = Release|Any CPU
		{0437634E-F0EA-4414-8C28-AC41FEA99D50}.Debug|Any CPU.ActiveCfg = Debug|Any CPU
		{0437634E-F0EA-4414-8C28-AC41FEA99D50}.Debug|Any CPU.Build.0 = Debug|Any CPU
		{0437634E-F0EA-4414-8C28-AC41FEA99D50}.Release|Any CPU.ActiveCfg = Release|Any CPU
		{0437634E-F0EA-4414-8C28-AC41FEA99D50}.Release|Any CPU.Build.0 = Release|Any CPU
		{81DF2911-BBB4-4210-8543-3BB1156D806D}.Debug|Any CPU.ActiveCfg = Debug|Any CPU
		{81DF2911-BBB4-4210-8543-3BB1156D806D}.Debug|Any CPU.Build.0 = Debug|Any CPU
		{81DF2911-BBB4-4210-8543-3BB1156D806D}.Release|Any CPU.ActiveCfg = Release|Any CPU
		{81DF2911-BBB4-4210-8543-3BB1156D806D}.Release|Any CPU.Build.0 = Release|Any CPU
		{452ECEE5-E430-4F61-B974-029FEBC66BE9}.Debug|Any CPU.ActiveCfg = Debug|Any CPU
		{452ECEE5-E430-4F61-B974-029FEBC66BE9}.Debug|Any CPU.Build.0 = Debug|Any CPU
		{452ECEE5-E430-4F61-B974-029FEBC66BE9}.Release|Any CPU.ActiveCfg = Release|Any CPU
		{452ECEE5-E430-4F61-B974-029FEBC66BE9}.Release|Any CPU.Build.0 = Release|Any CPU
		{125AE62E-C4AD-4173-91BB-E2BF4A2BF4C5}.Debug|Any CPU.ActiveCfg = Debug|Any CPU
		{125AE62E-C4AD-4173-91BB-E2BF4A2BF4C5}.Debug|Any CPU.Build.0 = Debug|Any CPU
		{125AE62E-C4AD-4173-91BB-E2BF4A2BF4C5}.Release|Any CPU.ActiveCfg = Release|Any CPU
		{125AE62E-C4AD-4173-91BB-E2BF4A2BF4C5}.Release|Any CPU.Build.0 = Release|Any CPU
		{ED47445D-0CC5-4097-842A-A36571EB8A6F}.Debug|Any CPU.ActiveCfg = Debug|Any CPU
		{ED47445D-0CC5-4097-842A-A36571EB8A6F}.Debug|Any CPU.Build.0 = Debug|Any CPU
		{ED47445D-0CC5-4097-842A-A36571EB8A6F}.Release|Any CPU.ActiveCfg = Release|Any CPU
		{ED47445D-0CC5-4097-842A-A36571EB8A6F}.Release|Any CPU.Build.0 = Release|Any CPU
	EndGlobalSection
	GlobalSection(SolutionProperties) = preSolution
		HideSolutionNode = FALSE
	EndGlobalSection
	GlobalSection(NestedProjects) = preSolution
		{4923DB85-EF73-48AA-87AE-4228A13A3253} = {7D70B37A-86CB-48D1-A4B0-DB3DB89DA521}
		{6C588329-06EA-4024-925C-4097C85C06D9} = {20B88A24-3ABD-41DC-B35E-646317DCF3F4}
		{1B315CBF-039A-45D6-AF0F-FC0736F1E921} = {88522A27-7C1F-417F-9D78-57D6CEBD3C48}
		{88522A27-7C1F-417F-9D78-57D6CEBD3C48} = {36626CD7-F68B-49A1-B362-402D50BD1AF6}
		{81DF2911-BBB4-4210-8543-3BB1156D806D} = {88522A27-7C1F-417F-9D78-57D6CEBD3C48}
		{7D70B37A-86CB-48D1-A4B0-DB3DB89DA521} = {36626CD7-F68B-49A1-B362-402D50BD1AF6}
		{452ECEE5-E430-4F61-B974-029FEBC66BE9} = {7D70B37A-86CB-48D1-A4B0-DB3DB89DA521}
		{20B88A24-3ABD-41DC-B35E-646317DCF3F4} = {36626CD7-F68B-49A1-B362-402D50BD1AF6}
		{125AE62E-C4AD-4173-91BB-E2BF4A2BF4C5} = {20B88A24-3ABD-41DC-B35E-646317DCF3F4}
	EndGlobalSection
	GlobalSection(ExtensibilityGlobals) = postSolution
		SolutionGuid = {6247EA3B-93FD-4FBD-B3B3-5CDCE63D6B3F}
	EndGlobalSection
EndGlobal
